
Microsoft Visual Studio Solution File, Format Version 12.00
# Visual Studio Version 17
VisualStudioVersion = 17.9.34728.123
MinimumVisualStudioVersion = 10.0.40219.1
Project("{FAE04EC0-301F-11D3-BF4B-00C04F79EFBC}") = "BlackJack", "BlackJack.csproj", "{88676573-1F65-48A6-846B-B9BDF903B67B}"
EndProject
Global
	GlobalSection(SolutionConfigurationPlatforms) = preSolution
		Debug|Any CPU = Debug|Any CPU
		Release|Any CPU = Release|Any CPU
	EndGlobalSection
	GlobalSection(ProjectConfigurationPlatforms) = postSolution
		{88676573-1F65-48A6-846B-B9BDF903B67B}.Debug|Any CPU.ActiveCfg = Debug|Any CPU
		{88676573-1F65-48A6-846B-B9BDF903B67B}.Debug|Any CPU.Build.0 = Debug|Any CPU
		{88676573-1F65-48A6-846B-B9BDF903B67B}.Release|Any CPU.ActiveCfg = Release|Any CPU
		{88676573-1F65-48A6-846B-B9BDF903B67B}.Release|Any CPU.Build.0 = Release|Any CPU
	EndGlobalSection
	GlobalSection(SolutionProperties) = preSolution
		HideSolutionNode = FALSE
	EndGlobalSection
	GlobalSection(ExtensibilityGlobals) = postSolution
		SolutionGuid = {D2D86BA8-CF50-4E63-BC5D-20F8D24CC2FD}
	EndGlobalSection
EndGlobal
